hash: ef2bdb7980b79cb993883bc5a4181179770e6522491233f7d1a5fcf9767c12e9
updated: 2016-07-29T00:30:47.588032349+10:00
imports:
- name: github.com/alecthomas/gocyclo
  version: ca893dd614514129373c254b6b0b8544b988f7b7
- name: github.com/alecthomas/template
  version: ca893dd614514129373c254b6b0b8544b988f7b7
  subpackages:
  - parse
- name: github.com/alecthomas/units
  version: ca893dd614514129373c254b6b0b8544b988f7b7
- name: github.com/client9/misspell
  version: ca893dd614514129373c254b6b0b8544b988f7b7
  subpackages:
  - cmd/misspell
- name: github.com/davecgh/go-spew
  version: ""
  subpackages:
  - spew
- name: github.com/golang/lint
  version: ca893dd614514129373c254b6b0b8544b988f7b7
  subpackages:
  - golint
- name: github.com/google/shlex
  version: ca893dd614514129373c254b6b0b8544b988f7b7
- name: github.com/gordonklaus/ineffassign
  version: ca893dd614514129373c254b6b0b8544b988f7b7
- name: github.com/HewlettPackard/gas
  version: ca893dd614514129373c254b6b0b8544b988f7b7
- name: github.com/jgautheron/goconst
  version: ca893dd614514129373c254b6b0b8544b988f7b7
  subpackages:
  - cmd/goconst
- name: github.com/kisielk/errcheck
  version: ca893dd614514129373c254b6b0b8544b988f7b7
- name: github.com/kisielk/gotool
  version: ca893dd614514129373c254b6b0b8544b988f7b7
- name: github.com/mdempsky/unconvert
  version: ca893dd614514129373c254b6b0b8544b988f7b7
- name: github.com/mibk/dupl
  version: ca893dd614514129373c254b6b0b8544b988f7b7
- name: github.com/mvdan/interfacer
  version: ca893dd614514129373c254b6b0b8544b988f7b7
  subpackages:
  - cmd/interfacer
- name: github.com/opennota/check
  version: ca893dd614514129373c254b6b0b8544b988f7b7
  subpackages:
  - cmd/varcheck
  - cmd/structcheck
  - cmd/aligncheck
- name: github.com/pmezard/go-difflib
  version: ""
  subpackages:
  - difflib
- name: github.com/stretchr/testify
  version: ca893dd614514129373c254b6b0b8544b988f7b7
  subpackages:
  - assert
- name: github.com/tsenart/deadcode
  version: ca893dd614514129373c254b6b0b8544b988f7b7
- name: github.com/walle/lll
  version: ca893dd614514129373c254b6b0b8544b988f7b7
  subpackages:
  - cmd/lll
- name: golang.org/x/tools
  version: ca893dd614514129373c254b6b0b8544b988f7b7
  subpackages:
  - cmd/gotype
  - cmd/goimports
- name: gopkg.in/alecthomas/kingpin.v2
  version: ca893dd614514129373c254b6b0b8544b988f7b7
- name: honnef.co/go/lint
  version: ca893dd614514129373c254b6b0b8544b988f7b7
- name: honnef.co/go/simple
  version: ca893dd614514129373c254b6b0b8544b988f7b7
  subpackages:
  - cmd/gosimple
- name: honnef.co/go/staticcheck
  version: ca893dd614514129373c254b6b0b8544b988f7b7
  subpackages:
  - cmd/staticcheck
- name: honnef.co/go/unused
  version: 9057d575b3bb51f1e1251088a8b8196f4226f936
testImports: []
