hash: 6638eb3d988c120e3632e94ad124119e94ef1a3e961685ddde4f93542ba7f805
updated: 2016-07-28T00:02:50.350648996+10:00
imports:
- name: github.com/alecthomas/gocyclo
  version: e169aacac236ba53744e97fe930a5b4afb96351c
- name: github.com/alecthomas/template
  version: e169aacac236ba53744e97fe930a5b4afb96351c
  subpackages:
  - parse
- name: github.com/alecthomas/units
  version: e169aacac236ba53744e97fe930a5b4afb96351c
- name: github.com/client9/misspell
  version: e169aacac236ba53744e97fe930a5b4afb96351c
  subpackages:
  - cmd/misspell
- name: github.com/davecgh/go-spew
  version: ""
  subpackages:
  - spew
- name: github.com/golang/lint
  version: e169aacac236ba53744e97fe930a5b4afb96351c
  subpackages:
  - golint
- name: github.com/google/shlex
  version: e169aacac236ba53744e97fe930a5b4afb96351c
- name: github.com/gordonklaus/ineffassign
  version: e169aacac236ba53744e97fe930a5b4afb96351c
- name: github.com/HewlettPackard/gas
  version: 2d0a26dafe724d54aeef9cb373fc01aefb072a4b
- name: github.com/jgautheron/goconst
  version: e169aacac236ba53744e97fe930a5b4afb96351c
  subpackages:
  - cmd/goconst
- name: github.com/kisielk/errcheck
  version: e169aacac236ba53744e97fe930a5b4afb96351c
- name: github.com/kisielk/gotool
  version: e169aacac236ba53744e97fe930a5b4afb96351c
- name: github.com/mdempsky/unconvert
  version: e169aacac236ba53744e97fe930a5b4afb96351c
- name: github.com/mibk/dupl
  version: e169aacac236ba53744e97fe930a5b4afb96351c
- name: github.com/mvdan/interfacer
  version: e169aacac236ba53744e97fe930a5b4afb96351c
  subpackages:
  - cmd/interfacer
- name: github.com/opennota/check
  version: e169aacac236ba53744e97fe930a5b4afb96351c
  subpackages:
  - cmd/varcheck
  - cmd/structcheck
  - cmd/aligncheck
- name: github.com/pmezard/go-difflib
  version: ""
  subpackages:
  - difflib
- name: github.com/stretchr/testify
  version: e169aacac236ba53744e97fe930a5b4afb96351c
  subpackages:
  - assert
- name: github.com/tsenart/deadcode
  version: e169aacac236ba53744e97fe930a5b4afb96351c
- name: github.com/walle/lll
  version: e169aacac236ba53744e97fe930a5b4afb96351c
  subpackages:
  - cmd/lll
- name: golang.org/x/tools
  version: e169aacac236ba53744e97fe930a5b4afb96351c
  subpackages:
  - cmd/gotype
  - cmd/goimports
- name: gopkg.in/alecthomas/kingpin.v2
  version: e169aacac236ba53744e97fe930a5b4afb96351c
- name: honnef.co/go/lint
  version: e169aacac236ba53744e97fe930a5b4afb96351c
- name: honnef.co/go/simple
  version: e169aacac236ba53744e97fe930a5b4afb96351c
  subpackages:
  - cmd/gosimple
- name: honnef.co/go/staticcheck
  version: e169aacac236ba53744e97fe930a5b4afb96351c
  subpackages:
  - cmd/staticcheck
testImports: []
